
Microsoft Visual Studio Solution File, Format Version 12.00
# Visual Studio Version 17
VisualStudioVersion = 17.3.32929.385
MinimumVisualStudioVersion = 10.0.40219.1
Project("{FAE04EC0-301F-11D3-BF4B-00C04F79EFBC}") = "alpro week 8", "alpro week 8\alpro week 8.csproj", "{DA91F302-2A45-42FF-B09D-8322AD3DBD19}"
EndProject
Global
	GlobalSection(SolutionConfigurationPlatforms) = preSolution
		Debug|Any CPU = Debug|Any CPU
		Release|Any CPU = Release|Any CPU
	EndGlobalSection
	GlobalSection(ProjectConfigurationPlatforms) = postSolution
		{DA91F302-2A45-42FF-B09D-8322AD3DBD19}.Debug|Any CPU.ActiveCfg = Debug|Any CPU
		{DA91F302-2A45-42FF-B09D-8322AD3DBD19}.Debug|Any CPU.Build.0 = Debug|Any CPU
		{DA91F302-2A45-42FF-B09D-8322AD3DBD19}.Release|Any CPU.ActiveCfg = Release|Any CPU
		{DA91F302-2A45-42FF-B09D-8322AD3DBD19}.Release|Any CPU.Build.0 = Release|Any CPU
	EndGlobalSection
	GlobalSection(SolutionProperties) = preSolution
		HideSolutionNode = FALSE
	EndGlobalSection
	GlobalSection(ExtensibilityGlobals) = postSolution
		SolutionGuid = {91E6AA5C-E12E-463E-8C0F-A88348FD1E34}
	EndGlobalSection
EndGlobal
